// !$*UTF8*$!
{
	archiveVersion = 1;
	classes = {
	};
	objectVersion = 50;
	objects = {

/* Begin PBXBuildFile section */
		92B91B4B25B76F64003D0B21 /* AppDelegate.swift in Sources */ = {isa = PBXBuildFile; fileRef = 92B91B4A25B76F64003D0B21 /* AppDelegate.swift */; };
		92B91B4D25B76F64003D0B21 /* SceneDelegate.swift in Sources */ = {isa = PBXBuildFile; fileRef = 92B91B4C25B76F64003D0B21 /* SceneDelegate.swift */; };
		92B91B4F25B76F64003D0B21 /* ViewController.swift in Sources */ = {isa = PBXBuildFile; fileRef = 92B91B4E25B76F64003D0B21 /* ViewController.swift */; };
		92B91B5225B76F64003D0B21 /* Main.storyboard in Resources */ = {isa = PBXBuildFile; fileRef = 92B91B5025B76F64003D0B21 /* Main.storyboard */; };
		92B91B5425B76F65003D0B21 /* Assets.xcassets in Resources */ = {isa = PBXBuildFile; fileRef = 92B91B5325B76F65003D0B21 /* Assets.xcassets */; };
		92B91B5725B76F65003D0B21 /* LaunchScreen.storyboard in Resources */ = {isa = PBXBuildFile; fileRef = 92B91B5525B76F65003D0B21 /* LaunchScreen.storyboard */; };
		92B91B5F25B77BA9003D0B21 /* SqueezeNet.mlmodel in Sources */ = {isa = PBXBuildFile; fileRef = 92B91B5E25B77BA9003D0B21 /* SqueezeNet.mlmodel */; };
		92B91B6125B77D9F003D0B21 /* Resnet50.mlmodel in Sources */ = {isa = PBXBuildFile; fileRef = 92B91B6025B77D9F003D0B21 /* Resnet50.mlmodel */; };
/* End PBXBuildFile section */

/* Begin PBXFileReference section */
		92B91B4725B76F64003D0B21 /* Real Time Detection.app */ = {isa = PBXFileReference; explicitFileType = wrapper.application; includeInIndex = 0; path = "Real Time Detection.app"; sourceTree = BUILT_PRODUCTS_DIR; };
		92B91B4A25B76F64003D0B21 /* AppDelegate.swift */ = {isa = PBXFileReference; lastKnownFileType = sourcecode.swift; path = AppDelegate.swift; sourceTree = "<group>"; };
		92B91B4C25B76F64003D0B21 /* SceneDelegate.swift */ = {isa = PBXFileReference; lastKnownFileType = sourcecode.swift; path = SceneDelegate.swift; sourceTree = "<group>"; };
		92B91B4E25B76F64003D0B21 /* ViewController.swift */ = {isa = PBXFileReference; lastKnownFileType = sourcecode.swift; path = ViewController.swift; sourceTree = "<group>"; };
		92B91B5125B76F64003D0B21 /* Base */ = {isa = PBXFileReference; lastKnownFileType = file.storyboard; name = Base; path = Base.lproj/Main.storyboard; sourceTree = "<group>"; };
		92B91B5325B76F65003D0B21 /* Assets.xcassets */ = {isa = PBXFileReference; lastKnownFileType = folder.assetcatalog; path = Assets.xcassets; sourceTree = "<group>"; };
		92B91B5625B76F65003D0B21 /* Base */ = {isa = PBXFileReference; lastKnownFileType = file.storyboard; name = Base; path = Base.lproj/LaunchScreen.storyboard; sourceTree = "<group>"; };
		92B91B5825B76F65003D0B21 /* Info.plist */ = {isa = PBXFileReference; lastKnownFileType = text.plist.xml; path = Info.plist; sourceTree = "<group>"; };
		92B91B5E25B77BA9003D0B21 /* SqueezeNet.mlmodel */ = {isa = PBXFileReference; lastKnownFileType = file.mlmodel; path = SqueezeNet.mlmodel; sourceTree = "<group>"; };
		92B91B6025B77D9F003D0B21 /* Resnet50.mlmodel */ = {isa = PBXFileReference; lastKnownFileType = file.mlmodel; path = Resnet50.mlmodel; sourceTree = "<group>"; };
/* End PBXFileReference section */

/* Begin PBXFrameworksBuildPhase section */
		92B91B4425B76F64003D0B21 /* Frameworks */ = {
			isa = PBXFrameworksBuildPhase;
			buildActionMask = 2147483647;
			files = (
			);
			runOnlyForDeploymentPostprocessing = 0;
		};
/* End PBXFrameworksBuildPhase section */

/* Begin PBXGroup section */
		92B91B3E25B76F64003D0B21 = {
			isa = PBXGroup;
			children = (
				92B91B4925B76F64003D0B21 /* Real Time Detection */,
				92B91B4825B76F64003D0B21 /* Products */,
			);
			sourceTree = "<group>";
		};
		92B91B4825B76F64003D0B21 /* Products */ = {
			isa = PBXGroup;
			children = (
				92B91B4725B76F64003D0B21 /* Real Time Detection.app */,
			);
			name = Products;
			sourceTree = "<group>";
		};
		92B91B4925B76F64003D0B21 /* Real Time Detection */ = {
			isa = PBXGroup;
			children = (
				92B91B5E25B77BA9003D0B21 /* SqueezeNet.mlmodel */,
				92B91B4A25B76F64003D0B21 /* AppDelegate.swift */,
				92B91B4C25B76F64003D0B21 /* SceneDelegate.swift */,
				92B91B6025B77D9F003D0B21 /* Resnet50.mlmodel */,
				92B91B4E25B76F64003D0B21 /* ViewController.swift */,
				92B91B5025B76F64003D0B21 /* Main.storyboard */,
				92B91B5325B76F65003D0B21 /* Assets.xcassets */,
				92B91B5525B76F65003D0B21 /* LaunchScreen.storyboard */,
				92B91B5825B76F65003D0B21 /* Info.plist */,
			);
			path = "Real Time Detection";
			sourceTree = "<group>";
		};
/* End PBXGroup section */

/* Begin PBXNativeTarget section */
		92B91B4625B76F64003D0B21 /* Real Time Detection */ = {
			isa = PBXNativeTarget;
			buildConfigurationList = 92B91B5B25B76F65003D0B21 /* Build configuration list for PBXNativeTarget "Real Time Detection" */;
			buildPhases = (
				92B91B4325B76F64003D0B21 /* Sources */,
				92B91B4425B76F64003D0B21 /* Frameworks */,
				92B91B4525B76F64003D0B21 /* Resources */,
			);
			buildRules = (
			);
			dependencies = (
			);
			name = "Real Time Detection";
			productName = "Real Time Detection";
			productReference = 92B91B4725B76F64003D0B21 /* Real Time Detection.app */;
			productType = "com.apple.product-type.application";
		};
/* End PBXNativeTarget section */

/* Begin PBXProject section */
		92B91B3F25B76F64003D0B21 /* Project object */ = {
			isa = PBXProject;
			attributes = {
				LastSwiftUpdateCheck = 1170;
				LastUpgradeCheck = 1170;
				ORGANIZATIONNAME = "Jerry Lai";
				TargetAttributes = {
					92B91B4625B76F64003D0B21 = {
						CreatedOnToolsVersion = 11.7;
					};
				};
			};
			buildConfigurationList = 92B91B4225B76F64003D0B21 /* Build configuration list for PBXProject "Real Time Detection" */;
			compatibilityVersion = "Xcode 9.3";
			developmentRegion = en;
			hasScannedForEncodings = 0;
			knownRegions = (
				en,
				Base,
			);
			mainGroup = 92B91B3E25B76F64003D0B21;
			productRefGroup = 92B91B4825B76F64003D0B21 /* Products */;
			projectDirPath = "";
			projectRoot = "";
			targets = (
				92B91B4625B76F64003D0B21 /* Real Time Detection */,
			);
		};
/* End PBXProject section */

/* Begin PBXResourcesBuildPhase section */
		92B91B4525B76F64003D0B21 /* Resources */ = {
			isa = PBXResourcesBuildPhase;
			buildActionMask = 2147483647;
			files = (
				92B91B5725B76F65003D0B21 /* LaunchScreen.storyboard in Resources */,
				92B91B5425B76F65003D0B21 /* Assets.xcassets in Resources */,
				92B91B5225B76F64003D0B21 /* Main.storyboard in Resources */,
			);
			runOnlyForDeploymentPostprocessing = 0;
		};
/* End PBXResourcesBuildPhase section */

/* Begin PBXSourcesBuildPhase section */
		92B91B4325B76F64003D0B21 /* Sources */ = {
			isa = PBXSourcesBuildPhase;
			buildActionMask = 2147483647;
			files = (
				92B91B6125B77D9F003D0B21 /* Resnet50.mlmodel in Sources */,
				92B91B4F25B76F64003D0B21 /* ViewController.swift in Sources */,
				92B91B4B25B76F64003D0B21 /* AppDelegate.swift in Sources */,
				92B91B4D25B76F64003D0B21 /* SceneDelegate.swift in Sources */,
				92B91B5F25B77BA9003D0B21 /* SqueezeNet.mlmodel in Sources */,
			);
			runOnlyForDeploymentPostprocessing = 0;
		};
/* End PBXSourcesBuildPhase section */

/* Begin PBXVariantGroup section */
		92B91B5025B76F64003D0B21 /* Main.storyboard */ = {
			isa = PBXVariantGroup;
			children = (
				92B91B5125B76F64003D0B21 /* Base */,
			);
			name = Main.storyboard;
			sourceTree = "<group>";
		};
		92B91B5525B76F65003D0B21 /* LaunchScreen.storyboard */ = {
			isa = PBXVariantGroup;
			children = (
				92B91B5625B76F65003D0B21 /* Base */,
			);
			name = LaunchScreen.storyboard;
			sourceTree = "<group>";
		};
/* End PBXVariantGroup section */

/* Begin XCBuildConfiguration section */
		92B91B5925B76F65003D0B21 /* Debug */ = {
			isa = XCBuildConfiguration;
			buildSettings = {
				ALWAYS_SEARCH_USER_PATHS = NO;
				CLANG_ANALYZER_NONNULL = YES;
				CLANG_ANALYZER_NUMBER_OBJECT_CONVERSION = YES_AGGRESSIVE;
				CLANG_CXX_LANGUAGE_STANDARD = "gnu++14";
				CLANG_CXX_LIBRARY = "libc++";
				CLANG_ENABLE_MODULES = YES;
				CLANG_ENABLE_OBJC_ARC = YES;
				CLANG_ENABLE_OBJC_WEAK = YES;
				CLANG_WARN_BLOCK_CAPTURE_AUTORELEASING = YES;
				CLANG_WARN_BOOL_CONVERSION = YES;
				CLANG_WARN_COMMA = YES;
				CLANG_WARN_CONSTANT_CONVERSION = YES;
				CLANG_WARN_DEPRECATED_OBJC_IMPLEMENTATIONS = YES;
				CLANG_WARN_DIRECT_OBJC_ISA_USAGE = YES_ERROR;
				CLANG_WARN_DOCUMENTATION_COMMENTS = YES;
				CLANG_WARN_EMPTY_BODY = YES;
				CLANG_WARN_ENUM_CONVERSION = YES;
				CLANG_WARN_INFINITE_RECURSION = YES;
				CLANG_WARN_INT_CONVERSION = YES;
				CLANG_WARN_NON_LITERAL_NULL_CONVERSION = YES;
				CLANG_WARN_OBJC_IMPLICIT_RETAIN_SELF = YES;
				CLANG_WARN_OBJC_LITERAL_CONVERSION = YES;
				CLANG_WARN_OBJC_ROOT_CLASS = YES_ERROR;
				CLANG_WARN_RANGE_LOOP_ANALYSIS = YES;
				CLANG_WARN_STRICT_PROTOTYPES = YES;
				CLANG_WARN_SUSPICIOUS_MOVE = YES;
				CLANG_WARN_UNGUARDED_AVAILABILITY = YES_AGGRESSIVE;
				CLANG_WARN_UNREACHABLE_CODE = YES;
				CLANG_WARN__DUPLICATE_METHOD_MATCH = YES;
				COPY_PHASE_STRIP = NO;
				DEBUG_INFORMATION_FORMAT = dwarf;
				ENABLE_STRICT_OBJC_MSGSEND = YES;
				ENABLE_TESTABILITY = YES;
				GCC_C_LANGUAGE_STANDARD = gnu11;
				GCC_DYNAMIC_NO_PIC = NO;
				GCC_NO_COMMON_BLOCKS = YES;
				GCC_OPTIMIZATION_LEVEL = 0;
				GCC_PREPROCESSOR_DEFINITIONS = (
					"DEBUG=1",
					"$(inherited)",
				);
				GCC_WARN_64_TO_32_BIT_CONVERSION = YES;
				GCC_WARN_ABOUT_RETURN_TYPE = YES_ERROR;
				GCC_WARN_UNDECLARED_SELECTOR = YES;
				GCC_WARN_UNINITIALIZED_AUTOS = YES_AGGRESSIVE;
				GCC_WARN_UNUSED_FUNCTION = YES;
				GCC_WARN_UNUSED_VARIABLE = YES;
				IPHONEOS_DEPLOYMENT_TARGET = 13.7;
				MTL_ENABLE_DEBUG_INFO = INCLUDE_SOURCE;
				MTL_FAST_MATH = YES;
				ONLY_ACTIVE_ARCH = YES;
				SDKROOT = iphoneos;
				SWIFT_ACTIVE_COMPILATION_CONDITIONS = DEBUG;
				SWIFT_OPTIMIZATION_LEVEL = "-Onone";
			};
			name = Debug;
		};
		92B91B5A25B76F65003D0B21 /* Release */ = {
			isa = XCBuildConfiguration;
			buildSettings = {
				ALWAYS_SEARCH_USER_PATHS = NO;
				CLANG_ANALYZER_NONNULL = YES;
				CLANG_ANALYZER_NUMBER_OBJECT_CONVERSION = YES_AGGRESSIVE;
				CLANG_CXX_LANGUAGE_STANDARD = "gnu++14";
				CLANG_CXX_LIBRARY = "libc++";
				CLANG_ENABLE_MODULES = YES;
				CLANG_ENABLE_OBJC_ARC = YES;
				CLANG_ENABLE_OBJC_WEAK = YES;
				CLANG_WARN_BLOCK_CAPTURE_AUTORELEASING = YES;
				CLANG_WARN_BOOL_CONVERSION = YES;
				CLANG_WARN_COMMA = YES;
				CLANG_WARN_CONSTANT_CONVERSION = YES;
				CLANG_WARN_DEPRECATED_OBJC_IMPLEMENTATIONS = YES;
				CLANG_WARN_DIRECT_OBJC_ISA_USAGE = YES_ERROR;
				CLANG_WARN_DOCUMENTATION_COMMENTS = YES;
				CLANG_WARN_EMPTY_BODY = YES;
				CLANG_WARN_ENUM_CONVERSION = YES;
				CLANG_WARN_INFINITE_RECURSION = YES;
				CLANG_WARN_INT_CONVERSION = YES;
				CLANG_WARN_NON_LITERAL_NULL_CONVERSION = YES;
				CLANG_WARN_OBJC_IMPLICIT_RETAIN_SELF = YES;
				CLANG_WARN_OBJC_LITERAL_CONVERSION = YES;
				CLANG_WARN_OBJC_ROOT_CLASS = YES_ERROR;
				CLANG_WARN_RANGE_LOOP_ANALYSIS = YES;
				CLANG_WARN_STRICT_PROTOTYPES = YES;
				CLANG_WARN_SUSPICIOUS_MOVE = YES;
				CLANG_WARN_UNGUARDED_AVAILABILITY = YES_AGGRESSIVE;
				CLANG_WARN_UNREACHABLE_CODE = YES;
				CLANG_WARN__DUPLICATE_METHOD_MATCH = YES;
				COPY_PHASE_STRIP = NO;
				DEBUG_INFORMATION_FORMAT = "dwarf-with-dsym";
				ENABLE_NS_ASSERTIONS = NO;
				ENABLE_STRICT_OBJC_MSGSEND = YES;
				GCC_C_LANGUAGE_STANDARD = gnu11;
				GCC_NO_COMMON_BLOCKS = YES;
				GCC_WARN_64_TO_32_BIT_CONVERSION = YES;
				GCC_WARN_ABOUT_RETURN_TYPE = YES_ERROR;
				GCC_WARN_UNDECLARED_SELECTOR = YES;
				GCC_WARN_UNINITIALIZED_AUTOS = YES_AGGRESSIVE;
				GCC_WARN_UNUSED_FUNCTION = YES;
				GCC_WARN_UNUSED_VARIABLE = YES;
				IPHONEOS_DEPLOYMENT_TARGET = 13.7;
				MTL_ENABLE_DEBUG_INFO = NO;
				MTL_FAST_MATH = YES;
				SDKROOT = iphoneos;
				SWIFT_COMPILATION_MODE = wholemodule;
				SWIFT_OPTIMIZATION_LEVEL = "-O";
				VALIDATE_PRODUCT = YES;
			};
			name = Release;
		};
		92B91B5C25B76F65003D0B21 /* Debug */ = {
			isa = XCBuildConfiguration;
			buildSettings = {
				ASSETCATALOG_COMPILER_APPICON_NAME = AppIcon;
				CODE_SIGN_STYLE = Automatic;
				CURRENT_PROJECT_VERSION = 1.0.9;
				DEVELOPMENT_TEAM = 8L83CZ8839;
				INFOPLIST_FILE = "Real Time Detection/Info.plist";
				LD_RUNPATH_SEARCH_PATHS = (
					"$(inherited)",
					"@executable_path/Frameworks",
				);
				PRODUCT_BUNDLE_IDENTIFIER = "jerry-lai.Real-Time-Detection";
				PRODUCT_NAME = "$(TARGET_NAME)";
				SWIFT_VERSION = 5.0;
				TARGETED_DEVICE_FAMILY = "1,2";
			};
			name = Debug;
		};
		92B91B5D25B76F65003D0B21 /* Release */ = {
			isa = XCBuildConfiguration;
			buildSettings = {
				ASSETCATALOG_COMPILER_APPICON_NAME = AppIcon;
				CODE_SIGN_STYLE = Automatic;
				CURRENT_PROJECT_VERSION = 1.0.9;
				DEVELOPMENT_TEAM = 8L83CZ8839;
				INFOPLIST_FILE = "Real Time Detection/Info.plist";
				LD_RUNPATH_SEARCH_PATHS = (
					"$(inherited)",
					"@executable_path/Frameworks",
				);
				PRODUCT_BUNDLE_IDENTIFIER = "jerry-lai.Real-Time-Detection";
				PRODUCT_NAME = "$(TARGET_NAME)";
				SWIFT_VERSION = 5.0;
				TARGETED_DEVICE_FAMILY = "1,2";
			};
			name = Release;
		};
/* End XCBuildConfiguration section */

/* Begin XCConfigurationList section */
		92B91B4225B76F64003D0B21 /* Build configuration list for PBXProject "Real Time Detection" */ = {
			isa = XCConfigurationList;
			buildConfigurations = (
				92B91B5925B76F65003D0B21 /* Debug */,
				92B91B5A25B76F65003D0B21 /* Release */,
			);
			defaultConfigurationIsVisible = 0;
			defaultConfigurationName = Release;
		};
		92B91B5B25B76F65003D0B21 /* Build configuration list for PBXNativeTarget "Real Time Detection" */ = {
			isa = XCConfigurationList;
			buildConfigurations = (
				92B91B5C25B76F65003D0B21 /* Debug */,
				92B91B5D25B76F65003D0B21 /* Release */,
			);
			defaultConfigurationIsVisible = 0;
			defaultConfigurationName = Release;
		};
/* End XCConfigurationList section */
	};
	rootObject = 92B91B3F25B76F64003D0B21 /* Project object */;
}
